// !$*UTF8*$!
{
	archiveVersion = 1;
	classes = {
	};
	objectVersion = 55;
	objects = {

/* Begin PBXBuildFile section */
		620839932779EF060095116F /* PercentResultCaretaker.swift in Sources */ = {isa = PBXBuildFile; fileRef = 620839922779EF060095116F /* PercentResultCaretaker.swift */; };
		623AD78F276E5146007883A7 /* AppDelegate.swift in Sources */ = {isa = PBXBuildFile; fileRef = 623AD78E276E5146007883A7 /* AppDelegate.swift */; };
		623AD791276E5146007883A7 /* SceneDelegate.swift in Sources */ = {isa = PBXBuildFile; fileRef = 623AD790276E5146007883A7 /* SceneDelegate.swift */; };
		623AD793276E5146007883A7 /* MenuViewController.swift in Sources */ = {isa = PBXBuildFile; fileRef = 623AD792276E5146007883A7 /* MenuViewController.swift */; };
		623AD796276E5146007883A7 /* Main.storyboard in Resources */ = {isa = PBXBuildFile; fileRef = 623AD794276E5146007883A7 /* Main.storyboard */; };
		623AD798276E5146007883A7 /* Assets.xcassets in Resources */ = {isa = PBXBuildFile; fileRef = 623AD797276E5146007883A7 /* Assets.xcassets */; };
		623AD79B276E5146007883A7 /* LaunchScreen.storyboard in Resources */ = {isa = PBXBuildFile; fileRef = 623AD799276E5146007883A7 /* LaunchScreen.storyboard */; };
		623AD7A5276E518E007883A7 /* QuestionStructure.swift in Sources */ = {isa = PBXBuildFile; fileRef = 623AD7A4276E518E007883A7 /* QuestionStructure.swift */; };
		623AD7A7276E535E007883A7 /* GameFlowViewController.swift in Sources */ = {isa = PBXBuildFile; fileRef = 623AD7A6276E535E007883A7 /* GameFlowViewController.swift */; };
		624CBC6A277099070012ED11 /* ResultsTableViewController.swift in Sources */ = {isa = PBXBuildFile; fileRef = 624CBC69277099070012ED11 /* ResultsTableViewController.swift */; };
		624CBC6C2770AC880012ED11 /* ResultsCaretaker.swift in Sources */ = {isa = PBXBuildFile; fileRef = 624CBC6B2770AC880012ED11 /* ResultsCaretaker.swift */; };
		62589589276F8C85001EB0A4 /* gameSingleton.swift in Sources */ = {isa = PBXBuildFile; fileRef = 62589588276F8C85001EB0A4 /* gameSingleton.swift */; };
		6258958B276F8CBC001EB0A4 /* GameSession.swift in Sources */ = {isa = PBXBuildFile; fileRef = 6258958A276F8CBC001EB0A4 /* GameSession.swift */; };
		628275622774B17400338384 /* QuestionsCaretaker.swift in Sources */ = {isa = PBXBuildFile; fileRef = 628275612774B17400338384 /* QuestionsCaretaker.swift */; };
		62D52CD32778E6590088BD31 /* ObserverClass.swift in Sources */ = {isa = PBXBuildFile; fileRef = 62D52CD22778E6590088BD31 /* ObserverClass.swift */; };
		62DB46772778DF3900BF9422 /* Observable.swift in Sources */ = {isa = PBXBuildFile; fileRef = 62DB46762778DF3900BF9422 /* Observable.swift */; };
		62DB46792778DF4800BF9422 /* ObservableOptions.swift in Sources */ = {isa = PBXBuildFile; fileRef = 62DB46782778DF4800BF9422 /* ObservableOptions.swift */; };
		62E53EAE278F592500DC5412 /* GameModeCaretaker.swift in Sources */ = {isa = PBXBuildFile; fileRef = 62E53EAD278F592500DC5412 /* GameModeCaretaker.swift */; };
		62EE0D792771D779003591CA /* SettingsViewController.swift in Sources */ = {isa = PBXBuildFile; fileRef = 62EE0D782771D779003591CA /* SettingsViewController.swift */; };
		62EE0D7D2771EA99003591CA /* GameStrategy.swift in Sources */ = {isa = PBXBuildFile; fileRef = 62EE0D7C2771EA99003591CA /* GameStrategy.swift */; };
		62FCD3AE27725AA8009D17D2 /* GameModeEnum.swift in Sources */ = {isa = PBXBuildFile; fileRef = 62FCD3AD27725AA8009D17D2 /* GameModeEnum.swift */; };
/* End PBXBuildFile section */

/* Begin PBXFileReference section */
		620839922779EF060095116F /* PercentResultCaretaker.swift */ = {isa = PBXFileReference; lastKnownFileType = sourcecode.swift; path = PercentResultCaretaker.swift; sourceTree = "<group>"; };
		623AD78B276E5146007883A7 /* Millionaire_Quiz.app */ = {isa = PBXFileReference; explicitFileType = wrapper.application; includeInIndex = 0; path = Millionaire_Quiz.app; sourceTree = BUILT_PRODUCTS_DIR; };
		623AD78E276E5146007883A7 /* AppDelegate.swift */ = {isa = PBXFileReference; lastKnownFileType = sourcecode.swift; path = AppDelegate.swift; sourceTree = "<group>"; };
		623AD790276E5146007883A7 /* SceneDelegate.swift */ = {isa = PBXFileReference; lastKnownFileType = sourcecode.swift; path = SceneDelegate.swift; sourceTree = "<group>"; };
		623AD792276E5146007883A7 /* MenuViewController.swift */ = {isa = PBXFileReference; lastKnownFileType = sourcecode.swift; path = MenuViewController.swift; sourceTree = "<group>"; };
		623AD795276E5146007883A7 /* Base */ = {isa = PBXFileReference; lastKnownFileType = file.storyboard; name = Base; path = Base.lproj/Main.storyboard; sourceTree = "<group>"; };
		623AD797276E5146007883A7 /* Assets.xcassets */ = {isa = PBXFileReference; lastKnownFileType = folder.assetcatalog; path = Assets.xcassets; sourceTree = "<group>"; };
		623AD79A276E5146007883A7 /* Base */ = {isa = PBXFileReference; lastKnownFileType = file.storyboard; name = Base; path = Base.lproj/LaunchScreen.storyboard; sourceTree = "<group>"; };
		623AD79C276E5146007883A7 /* Info.plist */ = {isa = PBXFileReference; lastKnownFileType = text.plist.xml; path = Info.plist; sourceTree = "<group>"; };
		623AD7A4276E518E007883A7 /* QuestionStructure.swift */ = {isa = PBXFileReference; lastKnownFileType = sourcecode.swift; path = QuestionStructure.swift; sourceTree = "<group>"; };
		623AD7A6276E535E007883A7 /* GameFlowViewController.swift */ = {isa = PBXFileReference; lastKnownFileType = sourcecode.swift; path = GameFlowViewController.swift; sourceTree = "<group>"; };
		624CBC69277099070012ED11 /* ResultsTableViewController.swift */ = {isa = PBXFileReference; lastKnownFileType = sourcecode.swift; path = ResultsTableViewController.swift; sourceTree = "<group>"; };
		624CBC6B2770AC880012ED11 /* ResultsCaretaker.swift */ = {isa = PBXFileReference; lastKnownFileType = sourcecode.swift; path = ResultsCaretaker.swift; sourceTree = "<group>"; };
		62589588276F8C85001EB0A4 /* gameSingleton.swift */ = {isa = PBXFileReference; lastKnownFileType = sourcecode.swift; path = gameSingleton.swift; sourceTree = "<group>"; };
		6258958A276F8CBC001EB0A4 /* GameSession.swift */ = {isa = PBXFileReference; lastKnownFileType = sourcecode.swift; path = GameSession.swift; sourceTree = "<group>"; };
		628275612774B17400338384 /* QuestionsCaretaker.swift */ = {isa = PBXFileReference; lastKnownFileType = sourcecode.swift; path = QuestionsCaretaker.swift; sourceTree = "<group>"; };
		62D52CD22778E6590088BD31 /* ObserverClass.swift */ = {isa = PBXFileReference; lastKnownFileType = sourcecode.swift; path = ObserverClass.swift; sourceTree = "<group>"; };
		62DB46762778DF3900BF9422 /* Observable.swift */ = {isa = PBXFileReference; lastKnownFileType = sourcecode.swift; path = Observable.swift; sourceTree = "<group>"; };
		62DB46782778DF4800BF9422 /* ObservableOptions.swift */ = {isa = PBXFileReference; lastKnownFileType = sourcecode.swift; path = ObservableOptions.swift; sourceTree = "<group>"; };
		62E53EAD278F592500DC5412 /* GameModeCaretaker.swift */ = {isa = PBXFileReference; lastKnownFileType = sourcecode.swift; path = GameModeCaretaker.swift; sourceTree = "<group>"; };
		62EE0D782771D779003591CA /* SettingsViewController.swift */ = {isa = PBXFileReference; lastKnownFileType = sourcecode.swift; path = SettingsViewController.swift; sourceTree = "<group>"; };
		62EE0D7C2771EA99003591CA /* GameStrategy.swift */ = {isa = PBXFileReference; lastKnownFileType = sourcecode.swift; path = GameStrategy.swift; sourceTree = "<group>"; };
		62FCD3AD27725AA8009D17D2 /* GameModeEnum.swift */ = {isa = PBXFileReference; lastKnownFileType = sourcecode.swift; path = GameModeEnum.swift; sourceTree = "<group>"; };
/* End PBXFileReference section */

/* Begin PBXFrameworksBuildPhase section */
		623AD788276E5146007883A7 /* Frameworks */ = {
			isa = PBXFrameworksBuildPhase;
			buildActionMask = 2147483647;
			files = (
			);
			runOnlyForDeploymentPostprocessing = 0;
		};
/* End PBXFrameworksBuildPhase section */

/* Begin PBXGroup section */
		623AD782276E5146007883A7 = {
			isa = PBXGroup;
			children = (
				623AD78D276E5146007883A7 /* Millionaire_Quiz */,
				623AD78C276E5146007883A7 /* Products */,
			);
			sourceTree = "<group>";
		};
		623AD78C276E5146007883A7 /* Products */ = {
			isa = PBXGroup;
			children = (
				623AD78B276E5146007883A7 /* Millionaire_Quiz.app */,
			);
			name = Products;
			sourceTree = "<group>";
		};
		623AD78D276E5146007883A7 /* Millionaire_Quiz */ = {
			isa = PBXGroup;
			children = (
				62589587276F8C69001EB0A4 /* Patterns */,
				623AD7A3276E5179007883A7 /* Models */,
				623AD7A2276E516A007883A7 /* Controllers */,
				623AD78E276E5146007883A7 /* AppDelegate.swift */,
				623AD790276E5146007883A7 /* SceneDelegate.swift */,
				623AD794276E5146007883A7 /* Main.storyboard */,
				623AD797276E5146007883A7 /* Assets.xcassets */,
				623AD799276E5146007883A7 /* LaunchScreen.storyboard */,
				623AD79C276E5146007883A7 /* Info.plist */,
			);
			path = Millionaire_Quiz;
			sourceTree = "<group>";
		};
		623AD7A2276E516A007883A7 /* Controllers */ = {
			isa = PBXGroup;
			children = (
				623AD792276E5146007883A7 /* MenuViewController.swift */,
				623AD7A6276E535E007883A7 /* GameFlowViewController.swift */,
				624CBC69277099070012ED11 /* ResultsTableViewController.swift */,
				62EE0D782771D779003591CA /* SettingsViewController.swift */,
			);
			path = Controllers;
			sourceTree = "<group>";
		};
		623AD7A3276E5179007883A7 /* Models */ = {
			isa = PBXGroup;
			children = (
				623AD7A4276E518E007883A7 /* QuestionStructure.swift */,
				6258958A276F8CBC001EB0A4 /* GameSession.swift */,
				62EE0D7C2771EA99003591CA /* GameStrategy.swift */,
				62FCD3AD27725AA8009D17D2 /* GameModeEnum.swift */,
			);
			path = Models;
			sourceTree = "<group>";
		};
		62589587276F8C69001EB0A4 /* Patterns */ = {
			isa = PBXGroup;
			children = (
				62DB46752778DF1800BF9422 /* Observable */,
				62589588276F8C85001EB0A4 /* gameSingleton.swift */,
				628275612774B17400338384 /* QuestionsCaretaker.swift */,
				62E53EAD278F592500DC5412 /* GameModeCaretaker.swift */,
				624CBC6B2770AC880012ED11 /* ResultsCaretaker.swift */,
				620839922779EF060095116F /* PercentResultCaretaker.swift */,
			);
			path = Patterns;
			sourceTree = "<group>";
		};
		62DB46752778DF1800BF9422 /* Observable */ = {
			isa = PBXGroup;
			children = (
				62DB46762778DF3900BF9422 /* Observable.swift */,
				62DB46782778DF4800BF9422 /* ObservableOptions.swift */,
				62D52CD22778E6590088BD31 /* ObserverClass.swift */,
			);
			path = Observable;
			sourceTree = "<group>";
		};
/* End PBXGroup section */

/* Begin PBXNativeTarget section */
		623AD78A276E5146007883A7 /* Millionaire_Quiz */ = {
			isa = PBXNativeTarget;
			buildConfigurationList = 623AD79F276E5146007883A7 /* Build configuration list for PBXNativeTarget "Millionaire_Quiz" */;
			buildPhases = (
				623AD787276E5146007883A7 /* Sources */,
				623AD788276E5146007883A7 /* Frameworks */,
				623AD789276E5146007883A7 /* Resources */,
			);
			buildRules = (
			);
			dependencies = (
			);
			name = Millionaire_Quiz;
			productName = Millionaire_Quiz;
			productReference = 623AD78B276E5146007883A7 /* Millionaire_Quiz.app */;
			productType = "com.apple.product-type.application";
		};
/* End PBXNativeTarget section */

/* Begin PBXProject section */
		623AD783276E5146007883A7 /* Project object */ = {
			isa = PBXProject;
			attributes = {
				BuildIndependentTargetsInParallel = 1;
				LastSwiftUpdateCheck = 1320;
				LastUpgradeCheck = 1320;
				TargetAttributes = {
					623AD78A276E5146007883A7 = {
						CreatedOnToolsVersion = 13.2;
					};
				};
			};
			buildConfigurationList = 623AD786276E5146007883A7 /* Build configuration list for PBXProject "Millionaire_Quiz" */;
			compatibilityVersion = "Xcode 13.0";
			developmentRegion = en;
			hasScannedForEncodings = 0;
			knownRegions = (
				en,
				Base,
			);
			mainGroup = 623AD782276E5146007883A7;
			productRefGroup = 623AD78C276E5146007883A7 /* Products */;
			projectDirPath = "";
			projectRoot = "";
			targets = (
				623AD78A276E5146007883A7 /* Millionaire_Quiz */,
			);
		};
/* End PBXProject section */

/* Begin PBXResourcesBuildPhase section */
		623AD789276E5146007883A7 /* Resources */ = {
			isa = PBXResourcesBuildPhase;
			buildActionMask = 2147483647;
			files = (
				623AD79B276E5146007883A7 /* LaunchScreen.storyboard in Resources */,
				623AD798276E5146007883A7 /* Assets.xcassets in Resources */,
				623AD796276E5146007883A7 /* Main.storyboard in Resources */,
			);
			runOnlyForDeploymentPostprocessing = 0;
		};
/* End PBXResourcesBuildPhase section */

/* Begin PBXSourcesBuildPhase section */
		623AD787276E5146007883A7 /* Sources */ = {
			isa = PBXSourcesBuildPhase;
			buildActionMask = 2147483647;
			files = (
				624CBC6A277099070012ED11 /* ResultsTableViewController.swift in Sources */,
				62DB46772778DF3900BF9422 /* Observable.swift in Sources */,
				623AD793276E5146007883A7 /* MenuViewController.swift in Sources */,
				62DB46792778DF4800BF9422 /* ObservableOptions.swift in Sources */,
				623AD78F276E5146007883A7 /* AppDelegate.swift in Sources */,
				62E53EAE278F592500DC5412 /* GameModeCaretaker.swift in Sources */,
				620839932779EF060095116F /* PercentResultCaretaker.swift in Sources */,
				62EE0D7D2771EA99003591CA /* GameStrategy.swift in Sources */,
				624CBC6C2770AC880012ED11 /* ResultsCaretaker.swift in Sources */,
				62D52CD32778E6590088BD31 /* ObserverClass.swift in Sources */,
				623AD791276E5146007883A7 /* SceneDelegate.swift in Sources */,
				62589589276F8C85001EB0A4 /* gameSingleton.swift in Sources */,
				62EE0D792771D779003591CA /* SettingsViewController.swift in Sources */,
				6258958B276F8CBC001EB0A4 /* GameSession.swift in Sources */,
				628275622774B17400338384 /* QuestionsCaretaker.swift in Sources */,
				62FCD3AE27725AA8009D17D2 /* GameModeEnum.swift in Sources */,
				623AD7A5276E518E007883A7 /* QuestionStructure.swift in Sources */,
				623AD7A7276E535E007883A7 /* GameFlowViewController.swift in Sources */,
			);
			runOnlyForDeploymentPostprocessing = 0;
		};
/* End PBXSourcesBuildPhase section */

/* Begin PBXVariantGroup section */
		623AD794276E5146007883A7 /* Main.storyboard */ = {
			isa = PBXVariantGroup;
			children = (
				623AD795276E5146007883A7 /* Base */,
			);
			name = Main.storyboard;
			sourceTree = "<group>";
		};
		623AD799276E5146007883A7 /* LaunchScreen.storyboard */ = {
			isa = PBXVariantGroup;
			children = (
				623AD79A276E5146007883A7 /* Base */,
			);
			name = LaunchScreen.storyboard;
			sourceTree = "<group>";
		};
/* End PBXVariantGroup section */

/* Begin XCBuildConfiguration section */
		623AD79D276E5146007883A7 /* Debug */ = {
			isa = XCBuildConfiguration;
			buildSettings = {
				ALWAYS_SEARCH_USER_PATHS = NO;
				CLANG_ANALYZER_NONNULL = YES;
				CLANG_ANALYZER_NUMBER_OBJECT_CONVERSION = YES_AGGRESSIVE;
				CLANG_CXX_LANGUAGE_STANDARD = "gnu++17";
				CLANG_CXX_LIBRARY = "libc++";
				CLANG_ENABLE_MODULES = YES;
				CLANG_ENABLE_OBJC_ARC = YES;
				CLANG_ENABLE_OBJC_WEAK = YES;
				CLANG_WARN_BLOCK_CAPTURE_AUTORELEASING = YES;
				CLANG_WARN_BOOL_CONVERSION = YES;
				CLANG_WARN_COMMA = YES;
				CLANG_WARN_CONSTANT_CONVERSION = YES;
				CLANG_WARN_DEPRECATED_OBJC_IMPLEMENTATIONS = YES;
				CLANG_WARN_DIRECT_OBJC_ISA_USAGE = YES_ERROR;
				CLANG_WARN_DOCUMENTATION_COMMENTS = YES;
				CLANG_WARN_EMPTY_BODY = YES;
				CLANG_WARN_ENUM_CONVERSION = YES;
				CLANG_WARN_INFINITE_RECURSION = YES;
				CLANG_WARN_INT_CONVERSION = YES;
				CLANG_WARN_NON_LITERAL_NULL_CONVERSION = YES;
				CLANG_WARN_OBJC_IMPLICIT_RETAIN_SELF = YES;
				CLANG_WARN_OBJC_LITERAL_CONVERSION = YES;
				CLANG_WARN_OBJC_ROOT_CLASS = YES_ERROR;
				CLANG_WARN_QUOTED_INCLUDE_IN_FRAMEWORK_HEADER = YES;
				CLANG_WARN_RANGE_LOOP_ANALYSIS = YES;
				CLANG_WARN_STRICT_PROTOTYPES = YES;
				CLANG_WARN_SUSPICIOUS_MOVE = YES;
				CLANG_WARN_UNGUARDED_AVAILABILITY = YES_AGGRESSIVE;
				CLANG_WARN_UNREACHABLE_CODE = YES;
				CLANG_WARN__DUPLICATE_METHOD_MATCH = YES;
				COPY_PHASE_STRIP = NO;
				DEBUG_INFORMATION_FORMAT = dwarf;
				ENABLE_STRICT_OBJC_MSGSEND = YES;
				ENABLE_TESTABILITY = YES;
				GCC_C_LANGUAGE_STANDARD = gnu11;
				GCC_DYNAMIC_NO_PIC = NO;
				GCC_NO_COMMON_BLOCKS = YES;
				GCC_OPTIMIZATION_LEVEL = 0;
				GCC_PREPROCESSOR_DEFINITIONS = (
					"DEBUG=1",
					"$(inherited)",
				);
				GCC_WARN_64_TO_32_BIT_CONVERSION = YES;
				GCC_WARN_ABOUT_RETURN_TYPE = YES_ERROR;
				GCC_WARN_UNDECLARED_SELECTOR = YES;
				GCC_WARN_UNINITIALIZED_AUTOS = YES_AGGRESSIVE;
				GCC_WARN_UNUSED_FUNCTION = YES;
				GCC_WARN_UNUSED_VARIABLE = YES;
				IPHONEOS_DEPLOYMENT_TARGET = 15.2;
				MTL_ENABLE_DEBUG_INFO = INCLUDE_SOURCE;
				MTL_FAST_MATH = YES;
				ONLY_ACTIVE_ARCH = YES;
				SDKROOT = iphoneos;
				SWIFT_ACTIVE_COMPILATION_CONDITIONS = DEBUG;
				SWIFT_OPTIMIZATION_LEVEL = "-Onone";
			};
			name = Debug;
		};
		623AD79E276E5146007883A7 /* Release */ = {
			isa = XCBuildConfiguration;
			buildSettings = {
				ALWAYS_SEARCH_USER_PATHS = NO;
				CLANG_ANALYZER_NONNULL = YES;
				CLANG_ANALYZER_NUMBER_OBJECT_CONVERSION = YES_AGGRESSIVE;
				CLANG_CXX_LANGUAGE_STANDARD = "gnu++17";
				CLANG_CXX_LIBRARY = "libc++";
				CLANG_ENABLE_MODULES = YES;
				CLANG_ENABLE_OBJC_ARC = YES;
				CLANG_ENABLE_OBJC_WEAK = YES;
				CLANG_WARN_BLOCK_CAPTURE_AUTORELEASING = YES;
				CLANG_WARN_BOOL_CONVERSION = YES;
				CLANG_WARN_COMMA = YES;
				CLANG_WARN_CONSTANT_CONVERSION = YES;
				CLANG_WARN_DEPRECATED_OBJC_IMPLEMENTATIONS = YES;
				CLANG_WARN_DIRECT_OBJC_ISA_USAGE = YES_ERROR;
				CLANG_WARN_DOCUMENTATION_COMMENTS = YES;
				CLANG_WARN_EMPTY_BODY = YES;
				CLANG_WARN_ENUM_CONVERSION = YES;
				CLANG_WARN_INFINITE_RECURSION = YES;
				CLANG_WARN_INT_CONVERSION = YES;
				CLANG_WARN_NON_LITERAL_NULL_CONVERSION = YES;
				CLANG_WARN_OBJC_IMPLICIT_RETAIN_SELF = YES;
				CLANG_WARN_OBJC_LITERAL_CONVERSION = YES;
				CLANG_WARN_OBJC_ROOT_CLASS = YES_ERROR;
				CLANG_WARN_QUOTED_INCLUDE_IN_FRAMEWORK_HEADER = YES;
				CLANG_WARN_RANGE_LOOP_ANALYSIS = YES;
				CLANG_WARN_STRICT_PROTOTYPES = YES;
				CLANG_WARN_SUSPICIOUS_MOVE = YES;
				CLANG_WARN_UNGUARDED_AVAILABILITY = YES_AGGRESSIVE;
				CLANG_WARN_UNREACHABLE_CODE = YES;
				CLANG_WARN__DUPLICATE_METHOD_MATCH = YES;
				COPY_PHASE_STRIP = NO;
				DEBUG_INFORMATION_FORMAT = "dwarf-with-dsym";
				ENABLE_NS_ASSERTIONS = NO;
				ENABLE_STRICT_OBJC_MSGSEND = YES;
				GCC_C_LANGUAGE_STANDARD = gnu11;
				GCC_NO_COMMON_BLOCKS = YES;
				GCC_WARN_64_TO_32_BIT_CONVERSION = YES;
				GCC_WARN_ABOUT_RETURN_TYPE = YES_ERROR;
				GCC_WARN_UNDECLARED_SELECTOR = YES;
				GCC_WARN_UNINITIALIZED_AUTOS = YES_AGGRESSIVE;
				GCC_WARN_UNUSED_FUNCTION = YES;
				GCC_WARN_UNUSED_VARIABLE = YES;
				IPHONEOS_DEPLOYMENT_TARGET = 15.2;
				MTL_ENABLE_DEBUG_INFO = NO;
				MTL_FAST_MATH = YES;
				SDKROOT = iphoneos;
				SWIFT_COMPILATION_MODE = wholemodule;
				SWIFT_OPTIMIZATION_LEVEL = "-O";
				VALIDATE_PRODUCT = YES;
			};
			name = Release;
		};
		623AD7A0276E5146007883A7 /* Debug */ = {
			isa = XCBuildConfiguration;
			buildSettings = {
				ASSETCATALOG_COMPILER_APPICON_NAME = AppIcon;
				ASSETCATALOG_COMPILER_GLOBAL_ACCENT_COLOR_NAME = AccentColor;
				CODE_SIGN_STYLE = Automatic;
				CURRENT_PROJECT_VERSION = 1;
				DEVELOPMENT_TEAM = 59ZJVMG2BA;
				GENERATE_INFOPLIST_FILE = YES;
				INFOPLIST_FILE = Millionaire_Quiz/Info.plist;
				INFOPLIST_KEY_UIApplicationSupportsIndirectInputEvents = YES;
				INFOPLIST_KEY_UILaunchStoryboardName = LaunchScreen;
				INFOPLIST_KEY_UIMainStoryboardFile = Main;
				INFOPLIST_KEY_UISupportedInterfaceOrientations_iPad = "UIInterfaceOrientationPortrait UIInterfaceOrientationPortraitUpsideDown UIInterfaceOrientationLandscapeLeft UIInterfaceOrientationLandscapeRight";
				INFOPLIST_KEY_UISupportedInterfaceOrientations_iPhone = "UIInterfaceOrientationPortrait UIInterfaceOrientationLandscapeLeft UIInterfaceOrientationLandscapeRight";
				LD_RUNPATH_SEARCH_PATHS = (
					"$(inherited)",
					"@executable_path/Frameworks",
				);
				MARKETING_VERSION = 1.0;
				PRODUCT_BUNDLE_IDENTIFIER = "testproject.com.alexgrg.Millionaire-Quiz";
				PRODUCT_NAME = "$(TARGET_NAME)";
				SWIFT_EMIT_LOC_STRINGS = YES;
				SWIFT_VERSION = 5.0;
				TARGETED_DEVICE_FAMILY = "1,2";
			};
			name = Debug;
		};
		623AD7A1276E5146007883A7 /* Release */ = {
			isa = XCBuildConfiguration;
			buildSettings = {
				ASSETCATALOG_COMPILER_APPICON_NAME = AppIcon;
				ASSETCATALOG_COMPILER_GLOBAL_ACCENT_COLOR_NAME = AccentColor;
				CODE_SIGN_STYLE = Automatic;
				CURRENT_PROJECT_VERSION = 1;
				DEVELOPMENT_TEAM = 59ZJVMG2BA;
				GENERATE_INFOPLIST_FILE = YES;
				INFOPLIST_FILE = Millionaire_Quiz/Info.plist;
				INFOPLIST_KEY_UIApplicationSupportsIndirectInputEvents = YES;
				INFOPLIST_KEY_UILaunchStoryboardName = LaunchScreen;
				INFOPLIST_KEY_UIMainStoryboardFile = Main;
				INFOPLIST_KEY_UISupportedInterfaceOrientations_iPad = "UIInterfaceOrientationPortrait UIInterfaceOrientationPortraitUpsideDown UIInterfaceOrientationLandscapeLeft UIInterfaceOrientationLandscapeRight";
				INFOPLIST_KEY_UISupportedInterfaceOrientations_iPhone = "UIInterfaceOrientationPortrait UIInterfaceOrientationLandscapeLeft UIInterfaceOrientationLandscapeRight";
				LD_RUNPATH_SEARCH_PATHS = (
					"$(inherited)",
					"@executable_path/Frameworks",
				);
				MARKETING_VERSION = 1.0;
				PRODUCT_BUNDLE_IDENTIFIER = "testproject.com.alexgrg.Millionaire-Quiz";
				PRODUCT_NAME = "$(TARGET_NAME)";
				SWIFT_EMIT_LOC_STRINGS = YES;
				SWIFT_VERSION = 5.0;
				TARGETED_DEVICE_FAMILY = "1,2";
			};
			name = Release;
		};
/* End XCBuildConfiguration section */

/* Begin XCConfigurationList section */
		623AD786276E5146007883A7 /* Build configuration list for PBXProject "Millionaire_Quiz" */ = {
			isa = XCConfigurationList;
			buildConfigurations = (
				623AD79D276E5146007883A7 /* Debug */,
				623AD79E276E5146007883A7 /* Release */,
			);
			defaultConfigurationIsVisible = 0;
			defaultConfigurationName = Release;
		};
		623AD79F276E5146007883A7 /* Build configuration list for PBXNativeTarget "Millionaire_Quiz" */ = {
			isa = XCConfigurationList;
			buildConfigurations = (
				623AD7A0276E5146007883A7 /* Debug */,
				623AD7A1276E5146007883A7 /* Release */,
			);
			defaultConfigurationIsVisible = 0;
			defaultConfigurationName = Release;
		};
/* End XCConfigurationList section */
	};
	rootObject = 623AD783276E5146007883A7 /* Project object */;
}
